
Microsoft Visual Studio Solution File, Format Version 12.00
# Visual Studio Version 17
VisualStudioVersion = 17.0.32126.317
MinimumVisualStudioVersion = 10.0.40219.1
Project("{FAE04EC0-301F-11D3-BF4B-00C04F79EFBC}") = "IterationStatements", "IterationStatements\IterationStatements.csproj", "{78CEACC3-D697-4D59-AC91-1A0F12B8DAC3}"
EndProject
Project("{FAE04EC0-301F-11D3-BF4B-00C04F79EFBC}") = "CastingConverting", "..\CastingConverting\CastingConverting.csproj", "{D3EADBE3-9E1D-4040-925C-788196336594}"
EndProject
Global
	GlobalSection(SolutionConfigurationPlatforms) = preSolution
		Debug|Any CPU = Debug|Any CPU
		Release|Any CPU = Release|Any CPU
	EndGlobalSection
	GlobalSection(ProjectConfigurationPlatforms) = postSolution
		{78CEACC3-D697-4D59-AC91-1A0F12B8DAC3}.Debug|Any CPU.ActiveCfg = Debug|Any CPU
		{78CEACC3-D697-4D59-AC91-1A0F12B8DAC3}.Debug|Any CPU.Build.0 = Debug|Any CPU
		{78CEACC3-D697-4D59-AC91-1A0F12B8DAC3}.Release|Any CPU.ActiveCfg = Release|Any CPU
		{78CEACC3-D697-4D59-AC91-1A0F12B8DAC3}.Release|Any CPU.Build.0 = Release|Any CPU
		{D3EADBE3-9E1D-4040-925C-788196336594}.Debug|Any CPU.ActiveCfg = Debug|Any CPU
		{D3EADBE3-9E1D-4040-925C-788196336594}.Debug|Any CPU.Build.0 = Debug|Any CPU
		{D3EADBE3-9E1D-4040-925C-788196336594}.Release|Any CPU.ActiveCfg = Release|Any CPU
		{D3EADBE3-9E1D-4040-925C-788196336594}.Release|Any CPU.Build.0 = Release|Any CPU
	EndGlobalSection
	GlobalSection(SolutionProperties) = preSolution
		HideSolutionNode = FALSE
	EndGlobalSection
	GlobalSection(ExtensibilityGlobals) = postSolution
		SolutionGuid = {CC3BF3A2-8EEA-4527-9B0E-A4C68992AAA5}
	EndGlobalSection
EndGlobal
