
Microsoft Visual Studio Solution File, Format Version 12.00
# Visual Studio Version 17
VisualStudioVersion = 17.0.32126.317
MinimumVisualStudioVersion = 10.0.40219.1
Project("{FAE04EC0-301F-11D3-BF4B-00C04F79EFBC}") = "HelloCS", "HelloCS.csproj", "{73563283-C496-40A3-94CF-8195749FDBAC}"
EndProject
Project("{FAE04EC0-301F-11D3-BF4B-00C04F79EFBC}") = "TopLevelProgram", "..\TopLevelProgram\TopLevelProgram.csproj", "{EB560F6F-3A84-4617-BADB-A1C79B3EE4CA}"
EndProject
Global
	GlobalSection(SolutionConfigurationPlatforms) = preSolution
		Debug|Any CPU = Debug|Any CPU
		Release|Any CPU = Release|Any CPU
	EndGlobalSection
	GlobalSection(ProjectConfigurationPlatforms) = postSolution
		{73563283-C496-40A3-94CF-8195749FDBAC}.Debug|Any CPU.ActiveCfg = Debug|Any CPU
		{73563283-C496-40A3-94CF-8195749FDBAC}.Debug|Any CPU.Build.0 = Debug|Any CPU
		{73563283-C496-40A3-94CF-8195749FDBAC}.Release|Any CPU.ActiveCfg = Release|Any CPU
		{73563283-C496-40A3-94CF-8195749FDBAC}.Release|Any CPU.Build.0 = Release|Any CPU
		{EB560F6F-3A84-4617-BADB-A1C79B3EE4CA}.Debug|Any CPU.ActiveCfg = Debug|Any CPU
		{EB560F6F-3A84-4617-BADB-A1C79B3EE4CA}.Debug|Any CPU.Build.0 = Debug|Any CPU
		{EB560F6F-3A84-4617-BADB-A1C79B3EE4CA}.Release|Any CPU.ActiveCfg = Release|Any CPU
		{EB560F6F-3A84-4617-BADB-A1C79B3EE4CA}.Release|Any CPU.Build.0 = Release|Any CPU
	EndGlobalSection
	GlobalSection(SolutionProperties) = preSolution
		HideSolutionNode = FALSE
	EndGlobalSection
	GlobalSection(ExtensibilityGlobals) = postSolution
		SolutionGuid = {6B79EB0C-5BCB-40F3-92C3-C07B6BDDD76E}
	EndGlobalSection
EndGlobal
