
Microsoft Visual Studio Solution File, Format Version 12.00
# Visual Studio Version 17
VisualStudioVersion = 17.0.32126.317
MinimumVisualStudioVersion = 10.0.40219.1
Project("{FAE04EC0-301F-11D3-BF4B-00C04F79EFBC}") = "HelloWorldNet6", "HelloWorldNet6.csproj", "{60D6854E-8325-4FB9-852F-ECF71EA298D8}"
EndProject
Global
	GlobalSection(SolutionConfigurationPlatforms) = preSolution
		Debug|Any CPU = Debug|Any CPU
		Release|Any CPU = Release|Any CPU
	EndGlobalSection
	GlobalSection(ProjectConfigurationPlatforms) = postSolution
		{60D6854E-8325-4FB9-852F-ECF71EA298D8}.Debug|Any CPU.ActiveCfg = Debug|Any CPU
		{60D6854E-8325-4FB9-852F-ECF71EA298D8}.Debug|Any CPU.Build.0 = Debug|Any CPU
		{60D6854E-8325-4FB9-852F-ECF71EA298D8}.Release|Any CPU.ActiveCfg = Release|Any CPU
		{60D6854E-8325-4FB9-852F-ECF71EA298D8}.Release|Any CPU.Build.0 = Release|Any CPU
	EndGlobalSection
	GlobalSection(SolutionProperties) = preSolution
		HideSolutionNode = FALSE
	EndGlobalSection
	GlobalSection(ExtensibilityGlobals) = postSolution
		SolutionGuid = {56A38AA3-BB36-4905-AF7F-DD9730437D4C}
	EndGlobalSection
EndGlobal
