
Microsoft Visual Studio Solution File, Format Version 12.00
# Visual Studio Version 17
VisualStudioVersion = 17.0.32126.317
MinimumVisualStudioVersion = 10.0.40219.1
Project("{FAE04EC0-301F-11D3-BF4B-00C04F79EFBC}") = "Operators", "Operators\Operators.csproj", "{DACEE34B-DAD7-41A4-9235-B9C78DF0329E}"
EndProject
Global
	GlobalSection(SolutionConfigurationPlatforms) = preSolution
		Debug|Any CPU = Debug|Any CPU
		Release|Any CPU = Release|Any CPU
	EndGlobalSection
	GlobalSection(ProjectConfigurationPlatforms) = postSolution
		{DACEE34B-DAD7-41A4-9235-B9C78DF0329E}.Debug|Any CPU.ActiveCfg = Debug|Any CPU
		{DACEE34B-DAD7-41A4-9235-B9C78DF0329E}.Debug|Any CPU.Build.0 = Debug|Any CPU
		{DACEE34B-DAD7-41A4-9235-B9C78DF0329E}.Release|Any CPU.ActiveCfg = Release|Any CPU
		{DACEE34B-DAD7-41A4-9235-B9C78DF0329E}.Release|Any CPU.Build.0 = Release|Any CPU
	EndGlobalSection
	GlobalSection(SolutionProperties) = preSolution
		HideSolutionNode = FALSE
	EndGlobalSection
	GlobalSection(ExtensibilityGlobals) = postSolution
		SolutionGuid = {487E02E8-A400-4C5F-BDD8-FDE48F438C7D}
	EndGlobalSection
EndGlobal
